{
  "name": "jbox-lua-types",
  "version": "0.0.2",
  "lockfileVersion": 1,
  "requires": true,
  "dependencies": {
    "lua-types": {
      "version": "2.11.0",
      "resolved": "https://registry.npmjs.org/lua-types/-/lua-types-2.11.0.tgz",
      "integrity": "sha512-J/8qHrOjkZuPBDhnuAg0DWoaJEImqXNzgEnUigCTVrSVCcchM5Y5zpcI3aWAZPhuZlb0QKC/f3nc7VGmZmBg7w=="
    }
  }
}
